<?xml version="1.0" encoding="utf-8"?>
<Project ToolsVersion="4.0" xmlns="http://schemas.microsoft.com/developer/msbuild/2003">
  <ItemGroup>
    <Filter Include="Header Files">
      <UniqueIdentifier>{93995380-89BD-4b04-88EB-625FBE52EBFB}</UniqueIdentifier>
      <Extensions>h;hh;hpp;hxx;hm;inl;inc;ipp;xsd</Extensions>
    </Filter>
    <Filter Include="Resource Files">
      <UniqueIdentifier>{67DA6AB6-F800-4c08-8B7A-83BB121AAD01}</UniqueIdentifier>
      <Extensions>rc;ico;cur;bmp;dlg;rc2;rct;bin;rgs;gif;jpg;jpeg;jpe;resx;tiff;tif;png;wav;mfcribbon-ms</Extensions>
    </Filter>
    <Filter Include="Source Files">
      <UniqueIdentifier>{4FC737F1-C7A5-4376-A066-2A32D752A2FF}</UniqueIdentifier>
      <Extensions>cpp;c;cc;cxx;def;odl;idl;hpj;bat;asm;asmx</Extensions>
    </Filter>
    <Filter Include="Resource Files\Shader">
      <UniqueIdentifier>{b0880950-acfe-4481-94a8-16882562774b}</UniqueIdentifier>
    </Filter>
    <Filter Include="Resource Files\Imgui">
      <UniqueIdentifier>{ca405a37-8d1e-4da9-87da-fb69e284b528}</UniqueIdentifier>
    </Filter>
    <Filter Include="Resource Files\Shader\cpp">
      <UniqueIdentifier>{4cbacec6-8d05-4d56-b571-646337753773}</UniqueIdentifier>
    </Filter>
    <Filter Include="Resource Files\Shader\header">
      <UniqueIdentifier>{38dcc66c-ed7d-4c3f-8730-98cc4f6a735e}</UniqueIdentifier>
    </Filter>
    <Filter Include="Resource Files\Shader\hlsl">
      <UniqueIdentifier>{aea8c616-995d-4697-92c6-c7196f18f1ec}</UniqueIdentifier>
    </Filter>
  </ItemGroup>
  <ItemGroup>
    <ClCompile Include="main.cpp">
      <Filter>Source Files</Filter>
    </ClCompile>
    <ClCompile Include="manager.cpp">
      <Filter>Source Files</Filter>
    </ClCompile>
    <ClCompile Include="renderer.cpp">
      <Filter>Source Files</Filter>
    </ClCompile>
    <ClCompile Include="polygon.cpp">
      <Filter>Source Files</Filter>
    </ClCompile>
    <ClCompile Include="field.cpp">
      <Filter>Source Files</Filter>
    </ClCompile>
    <ClCompile Include="camera.cpp">
      <Filter>Source Files</Filter>
    </ClCompile>
    <ClCompile Include="model.cpp">
      <Filter>Source Files</Filter>
    </ClCompile>
    <ClCompile Include="player.cpp">
      <Filter>Source Files</Filter>
    </ClCompile>
    <ClCompile Include="input.cpp">
      <Filter>Source Files</Filter>
    </ClCompile>
    <ClCompile Include="enemy.cpp">
      <Filter>Source Files</Filter>
    </ClCompile>
    <ClCompile Include="bullet.cpp">
      <Filter>Source Files</Filter>
    </ClCompile>
    <ClCompile Include="skydome.cpp">
      <Filter>Source Files</Filter>
    </ClCompile>
    <ClCompile Include="animation_model.cpp">
      <Filter>Source Files</Filter>
    </ClCompile>
    <ClCompile Include="meshField.cpp">
      <Filter>Source Files</Filter>
    </ClCompile>
    <ClCompile Include="tree.cpp">
      <Filter>Source Files</Filter>
    </ClCompile>
    <ClCompile Include="grass.cpp">
      <Filter>Source Files</Filter>
    </ClCompile>
    <ClCompile Include="imgui.cpp">
      <Filter>Resource Files\Imgui</Filter>
    </ClCompile>
    <ClCompile Include="imgui_demo.cpp">
      <Filter>Resource Files\Imgui</Filter>
    </ClCompile>
    <ClCompile Include="imgui_draw.cpp">
      <Filter>Resource Files\Imgui</Filter>
    </ClCompile>
    <ClCompile Include="imgui_impl_dx11.cpp">
      <Filter>Resource Files\Imgui</Filter>
    </ClCompile>
    <ClCompile Include="imgui_impl_win32.cpp">
      <Filter>Resource Files\Imgui</Filter>
    </ClCompile>
    <ClCompile Include="imgui_widgets.cpp">
      <Filter>Resource Files\Imgui</Filter>
    </ClCompile>
    <ClCompile Include="debugimgui.cpp">
      <Filter>Source Files</Filter>
    </ClCompile>
    <ClCompile Include="lit.cpp">
      <Filter>Resource Files\Shader\cpp</Filter>
    </ClCompile>
    <ClCompile Include="fog.cpp">
      <Filter>Resource Files\Shader\cpp</Filter>
    </ClCompile>
  </ItemGroup>
  <ItemGroup>
    <ClInclude Include="main.h">
      <Filter>Header Files</Filter>
    </ClInclude>
    <ClInclude Include="manager.h">
      <Filter>Header Files</Filter>
    </ClInclude>
    <ClInclude Include="renderer.h">
      <Filter>Header Files</Filter>
    </ClInclude>
    <ClInclude Include="polygon.h">
      <Filter>Header Files</Filter>
    </ClInclude>
    <ClInclude Include="field.h">
      <Filter>Header Files</Filter>
    </ClInclude>
    <ClInclude Include="camera.h">
      <Filter>Header Files</Filter>
    </ClInclude>
    <ClInclude Include="model.h">
      <Filter>Header Files</Filter>
    </ClInclude>
    <ClInclude Include="player.h">
      <Filter>Header Files</Filter>
    </ClInclude>
    <ClInclude Include="input.h">
      <Filter>Header Files</Filter>
    </ClInclude>
    <ClInclude Include="game_object.h">
      <Filter>Header Files</Filter>
    </ClInclude>
    <ClInclude Include="enemy.h">
      <Filter>Header Files</Filter>
    </ClInclude>
    <ClInclude Include="bullet.h">
      <Filter>Header Files</Filter>
    </ClInclude>
    <ClInclude Include="scene.h">
      <Filter>Header Files</Filter>
    </ClInclude>
    <ClInclude Include="skydome.h">
      <Filter>Header Files</Filter>
    </ClInclude>
    <ClInclude Include="animation_model.h">
      <Filter>Header Files</Filter>
    </ClInclude>
    <ClInclude Include="meshField.h">
      <Filter>Header Files</Filter>
    </ClInclude>
    <ClInclude Include="tree.h">
      <Filter>Header Files</Filter>
    </ClInclude>
    <ClInclude Include="grass.h">
      <Filter>Header Files</Filter>
    </ClInclude>
    <ClInclude Include="imconfig.h">
      <Filter>Resource Files\Imgui</Filter>
    </ClInclude>
    <ClInclude Include="imgui.h">
      <Filter>Resource Files\Imgui</Filter>
    </ClInclude>
    <ClInclude Include="imgui_impl_dx11.h">
      <Filter>Resource Files\Imgui</Filter>
    </ClInclude>
    <ClInclude Include="imgui_impl_win32.h">
      <Filter>Resource Files\Imgui</Filter>
    </ClInclude>
    <ClInclude Include="imgui_internal.h">
      <Filter>Resource Files\Imgui</Filter>
    </ClInclude>
    <ClInclude Include="imstb_rectpack.h">
      <Filter>Resource Files\Imgui</Filter>
    </ClInclude>
    <ClInclude Include="imstb_textedit.h">
      <Filter>Resource Files\Imgui</Filter>
    </ClInclude>
    <ClInclude Include="imstb_truetype.h">
      <Filter>Resource Files\Imgui</Filter>
    </ClInclude>
    <ClInclude Include="debugimgui.h">
      <Filter>Header Files</Filter>
    </ClInclude>
    <ClInclude Include="lit.h">
      <Filter>Resource Files\Shader\header</Filter>
    </ClInclude>
    <ClInclude Include="shader.h">
      <Filter>Resource Files\Shader\header</Filter>
    </ClInclude>
    <ClInclude Include="fog.h">
      <Filter>Resource Files\Shader\header</Filter>
    </ClInclude>
  </ItemGroup>
  <ItemGroup>
    <FxCompile Include="pixelShader.hlsl">
      <Filter>Resource Files\Shader\hlsl</Filter>
    </FxCompile>
    <FxCompile Include="vertexShader.hlsl">
      <Filter>Resource Files\Shader\hlsl</Filter>
    </FxCompile>
    <FxCompile Include="fog_PS.hlsl">
      <Filter>Resource Files\Shader\hlsl</Filter>
    </FxCompile>
    <FxCompile Include="fog_VS.hlsl">
      <Filter>Resource Files\Shader\hlsl</Filter>
    </FxCompile>
  </ItemGroup>
</Project>